// !$*UTF8*$!
{
	archiveVersion = 1;
	classes = {
	};
	objectVersion = 50;
	objects = {

/* Begin PBXBuildFile section */
		AC7F5CF4255D61FA0040FB98 /* AppDelegate.m in Sources */ = {isa = PBXBuildFile; fileRef = AC7F5CF3255D61FA0040FB98 /* AppDelegate.m */; };
		AC7F5CF7255D61FA0040FB98 /* SceneDelegate.m in Sources */ = {isa = PBXBuildFile; fileRef = AC7F5CF6255D61FA0040FB98 /* SceneDelegate.m */; };
		AC7F5CFA255D61FA0040FB98 /* ViewController.m in Sources */ = {isa = PBXBuildFile; fileRef = AC7F5CF9255D61FA0040FB98 /* ViewController.m */; };
		AC7F5CFD255D61FA0040FB98 /* Main.storyboard in Resources */ = {isa = PBXBuildFile; fileRef = AC7F5CFB255D61FA0040FB98 /* Main.storyboard */; };
		AC7F5CFF255D61FC0040FB98 /* Assets.xcassets in Resources */ = {isa = PBXBuildFile; fileRef = AC7F5CFE255D61FC0040FB98 /* Assets.xcassets */; };
		AC7F5D02255D61FC0040FB98 /* LaunchScreen.storyboard in Resources */ = {isa = PBXBuildFile; fileRef = AC7F5D00255D61FC0040FB98 /* LaunchScreen.storyboard */; };
		AC7F5D05255D61FC0040FB98 /* main.m in Sources */ = {isa = PBXBuildFile; fileRef = AC7F5D04255D61FC0040FB98 /* main.m */; };
		AC7F5D0F255D61FC0040FB98 /* ETHSDKONlyTests.m in Sources */ = {isa = PBXBuildFile; fileRef = AC7F5D0E255D61FC0040FB98 /* ETHSDKONlyTests.m */; };
		AC7F5D1A255D61FC0040FB98 /* ETHSDKONlyUITests.m in Sources */ = {isa = PBXBuildFile; fileRef = AC7F5D19255D61FC0040FB98 /* ETHSDKONlyUITests.m */; };
		AC7F5D6C255D66550040FB98 /* DCEther.m in Sources */ = {isa = PBXBuildFile; fileRef = AC7F5D6A255D66550040FB98 /* DCEther.m */; };
		AC7F5D8C255D66740040FB98 /* NSData+HexString.m in Sources */ = {isa = PBXBuildFile; fileRef = AC7F5D77255D66740040FB98 /* NSData+HexString.m */; };
		AC7F5D8D255D66740040FB98 /* OcSecp256k1.m in Sources */ = {isa = PBXBuildFile; fileRef = AC7F5D79255D66740040FB98 /* OcSecp256k1.m */; };
		AC7F5D8E255D66740040FB98 /* secp256k1.framework in Frameworks */ = {isa = PBXBuildFile; fileRef = AC7F5D7A255D66740040FB98 /* secp256k1.framework */; };
		AC7F5D8F255D66740040FB98 /* TransferVinModel.m in Sources */ = {isa = PBXBuildFile; fileRef = AC7F5D7E255D66740040FB98 /* TransferVinModel.m */; };
		AC7F5D91255D66740040FB98 /* NSDate+add.m in Sources */ = {isa = PBXBuildFile; fileRef = AC7F5D81255D66740040FB98 /* NSDate+add.m */; };
		AC7F5D92255D66740040FB98 /* OcTokenLEB128.swift in Sources */ = {isa = PBXBuildFile; fileRef = AC7F5D84255D66740040FB98 /* OcTokenLEB128.swift */; };
		AC7F5D93255D66740040FB98 /* Zm10J16.m in Sources */ = {isa = PBXBuildFile; fileRef = AC7F5D86255D66740040FB98 /* Zm10J16.m */; };
		AC7F5D94255D66740040FB98 /* OcTokenSigh.m in Sources */ = {isa = PBXBuildFile; fileRef = AC7F5D87255D66740040FB98 /* OcTokenSigh.m */; };
		AC7F5D9D255D67E60040FB98 /* NSMutableDictionary+ITWExtend.m in Sources */ = {isa = PBXBuildFile; fileRef = AC7F5D99255D67E50040FB98 /* NSMutableDictionary+ITWExtend.m */; };
		AC7F5D9E255D67E60040FB98 /* NSDictionary+ITWExtend.m in Sources */ = {isa = PBXBuildFile; fileRef = AC7F5D9C255D67E50040FB98 /* NSDictionary+ITWExtend.m */; };
		AC7F5DA1255D69720040FB98 /* DCAcountMsgInfoModel.m in Sources */ = {isa = PBXBuildFile; fileRef = AC7F5DA0255D69720040FB98 /* DCAcountMsgInfoModel.m */; };
		BE9912EE9E25EF2409194C72 /* libPods-ETHSDKONly.a in Frameworks */ = {isa = PBXBuildFile; fileRef = 33A39C051FE5F828DBC50CC7 /* libPods-ETHSDKONly.a */; };
		DB87D9F6255E3B5D00DE7993 /* hsether.a in Frameworks */ = {isa = PBXBuildFile; fileRef = DB87D9F2255E3B5D00DE7993 /* hsether.a */; };
/* End PBXBuildFile section */

/* Begin PBXContainerItemProxy section */
		AC7F5D0B255D61FC0040FB98 /* PBXContainerItemProxy */ = {
			isa = PBXContainerItemProxy;
			containerPortal = AC7F5CE7255D61F90040FB98 /* Project object */;
			proxyType = 1;
			remoteGlobalIDString = AC7F5CEE255D61FA0040FB98;
			remoteInfo = ETHSDKONly;
		};
		AC7F5D16255D61FC0040FB98 /* PBXContainerItemProxy */ = {
			isa = PBXContainerItemProxy;
			containerPortal = AC7F5CE7255D61F90040FB98 /* Project object */;
			proxyType = 1;
			remoteGlobalIDString = AC7F5CEE255D61FA0040FB98;
			remoteInfo = ETHSDKONly;
		};
/* End PBXContainerItemProxy section */

/* Begin PBXFileReference section */
		33A39C051FE5F828DBC50CC7 /* libPods-ETHSDKONly.a */ = {isa = PBXFileReference; explicitFileType = archive.ar; includeInIndex = 0; path = "libPods-ETHSDKONly.a"; sourceTree = BUILT_PRODUCTS_DIR; };
		AC7F5CEF255D61FA0040FB98 /* ETHSDKONly.app */ = {isa = PBXFileReference; explicitFileType = wrapper.application; includeInIndex = 0; path = ETHSDKONly.app; sourceTree = BUILT_PRODUCTS_DIR; };
		AC7F5CF2255D61FA0040FB98 /* AppDelegate.h */ = {isa = PBXFileReference; lastKnownFileType = sourcecode.c.h; path = AppDelegate.h; sourceTree = "<group>"; };
		AC7F5CF3255D61FA0040FB98 /* AppDelegate.m */ = {isa = PBXFileReference; lastKnownFileType = sourcecode.c.objc; path = AppDelegate.m; sourceTree = "<group>"; };
		AC7F5CF5255D61FA0040FB98 /* SceneDelegate.h */ = {isa = PBXFileReference; lastKnownFileType = sourcecode.c.h; path = SceneDelegate.h; sourceTree = "<group>"; };
		AC7F5CF6255D61FA0040FB98 /* SceneDelegate.m */ = {isa = PBXFileReference; lastKnownFileType = sourcecode.c.objc; path = SceneDelegate.m; sourceTree = "<group>"; };
		AC7F5CF8255D61FA0040FB98 /* ViewController.h */ = {isa = PBXFileReference; lastKnownFileType = sourcecode.c.h; path = ViewController.h; sourceTree = "<group>"; };
		AC7F5CF9255D61FA0040FB98 /* ViewController.m */ = {isa = PBXFileReference; lastKnownFileType = sourcecode.c.objc; path = ViewController.m; sourceTree = "<group>"; };
		AC7F5CFC255D61FA0040FB98 /* Base */ = {isa = PBXFileReference; lastKnownFileType = file.storyboard; name = Base; path = Base.lproj/Main.storyboard; sourceTree = "<group>"; };
		AC7F5CFE255D61FC0040FB98 /* Assets.xcassets */ = {isa = PBXFileReference; lastKnownFileType = folder.assetcatalog; path = Assets.xcassets; sourceTree = "<group>"; };
		AC7F5D01255D61FC0040FB98 /* Base */ = {isa = PBXFileReference; lastKnownFileType = file.storyboard; name = Base; path = Base.lproj/LaunchScreen.storyboard; sourceTree = "<group>"; };
		AC7F5D03255D61FC0040FB98 /* Info.plist */ = {isa = PBXFileReference; lastKnownFileType = text.plist.xml; path = Info.plist; sourceTree = "<group>"; };
		AC7F5D04255D61FC0040FB98 /* main.m */ = {isa = PBXFileReference; lastKnownFileType = sourcecode.c.objc; path = main.m; sourceTree = "<group>"; };
		AC7F5D0A255D61FC0040FB98 /* ETHSDKONlyTests.xctest */ = {isa = PBXFileReference; explicitFileType = wrapper.cfbundle; includeInIndex = 0; path = ETHSDKONlyTests.xctest; sourceTree = BUILT_PRODUCTS_DIR; };
		AC7F5D0E255D61FC0040FB98 /* ETHSDKONlyTests.m */ = {isa = PBXFileReference; lastKnownFileType = sourcecode.c.objc; path = ETHSDKONlyTests.m; sourceTree = "<group>"; };
		AC7F5D10255D61FC0040FB98 /* Info.plist */ = {isa = PBXFileReference; lastKnownFileType = text.plist.xml; path = Info.plist; sourceTree = "<group>"; };
		AC7F5D15255D61FC0040FB98 /* ETHSDKONlyUITests.xctest */ = {isa = PBXFileReference; explicitFileType = wrapper.cfbundle; includeInIndex = 0; path = ETHSDKONlyUITests.xctest; sourceTree = BUILT_PRODUCTS_DIR; };
		AC7F5D19255D61FC0040FB98 /* ETHSDKONlyUITests.m */ = {isa = PBXFileReference; lastKnownFileType = sourcecode.c.objc; path = ETHSDKONlyUITests.m; sourceTree = "<group>"; };
		AC7F5D1B255D61FC0040FB98 /* Info.plist */ = {isa = PBXFileReference; lastKnownFileType = text.plist.xml; path = Info.plist; sourceTree = "<group>"; };
		AC7F5D27255D65AF0040FB98 /* ETHSDKONly-Bridging-Header.h */ = {isa = PBXFileReference; lastKnownFileType = sourcecode.c.h; path = "ETHSDKONly-Bridging-Header.h"; sourceTree = "<group>"; };
		AC7F5D68255D66550040FB98 /* DCEther.h */ = {isa = PBXFileReference; fileEncoding = 4; lastKnownFileType = sourcecode.c.h; path = DCEther.h; sourceTree = "<group>"; };
		AC7F5D6A255D66550040FB98 /* DCEther.m */ = {isa = PBXFileReference; fileEncoding = 4; lastKnownFileType = sourcecode.c.objc; path = DCEther.m; sourceTree = "<group>"; };
		AC7F5D77255D66740040FB98 /* NSData+HexString.m */ = {isa = PBXFileReference; fileEncoding = 4; lastKnownFileType = sourcecode.c.objc; path = "NSData+HexString.m"; sourceTree = "<group>"; };
		AC7F5D78255D66740040FB98 /* OcSecp256k1.h */ = {isa = PBXFileReference; fileEncoding = 4; lastKnownFileType = sourcecode.c.h; path = OcSecp256k1.h; sourceTree = "<group>"; };
		AC7F5D79255D66740040FB98 /* OcSecp256k1.m */ = {isa = PBXFileReference; fileEncoding = 4; lastKnownFileType = sourcecode.c.objc; path = OcSecp256k1.m; sourceTree = "<group>"; };
		AC7F5D7A255D66740040FB98 /* secp256k1.framework */ = {isa = PBXFileReference; lastKnownFileType = wrapper.framework; path = secp256k1.framework; sourceTree = "<group>"; };
		AC7F5D7B255D66740040FB98 /* NSData+HexString.h */ = {isa = PBXFileReference; fileEncoding = 4; lastKnownFileType = sourcecode.c.h; path = "NSData+HexString.h"; sourceTree = "<group>"; };
		AC7F5D7D255D66740040FB98 /* TransferVinModel.h */ = {isa = PBXFileReference; fileEncoding = 4; lastKnownFileType = sourcecode.c.h; path = TransferVinModel.h; sourceTree = "<group>"; };
		AC7F5D7E255D66740040FB98 /* TransferVinModel.m */ = {isa = PBXFileReference; fileEncoding = 4; lastKnownFileType = sourcecode.c.objc; path = TransferVinModel.m; sourceTree = "<group>"; };
		AC7F5D81255D66740040FB98 /* NSDate+add.m */ = {isa = PBXFileReference; fileEncoding = 4; lastKnownFileType = sourcecode.c.objc; path = "NSDate+add.m"; sourceTree = "<group>"; };
		AC7F5D82255D66740040FB98 /* NSDate+add.h */ = {isa = PBXFileReference; fileEncoding = 4; lastKnownFileType = sourcecode.c.h; path = "NSDate+add.h"; sourceTree = "<group>"; };
		AC7F5D84255D66740040FB98 /* OcTokenLEB128.swift */ = {isa = PBXFileReference; fileEncoding = 4; lastKnownFileType = sourcecode.swift; path = OcTokenLEB128.swift; sourceTree = "<group>"; };
		AC7F5D85255D66740040FB98 /* OcTokenSigh.h */ = {isa = PBXFileReference; fileEncoding = 4; lastKnownFileType = sourcecode.c.h; path = OcTokenSigh.h; sourceTree = "<group>"; };
		AC7F5D86255D66740040FB98 /* Zm10J16.m */ = {isa = PBXFileReference; fileEncoding = 4; lastKnownFileType = sourcecode.c.objc; path = Zm10J16.m; sourceTree = "<group>"; };
		AC7F5D87255D66740040FB98 /* OcTokenSigh.m */ = {isa = PBXFileReference; fileEncoding = 4; lastKnownFileType = sourcecode.c.objc; path = OcTokenSigh.m; sourceTree = "<group>"; };
		AC7F5D88255D66740040FB98 /* Zm10J16.h */ = {isa = PBXFileReference; fileEncoding = 4; lastKnownFileType = sourcecode.c.h; path = Zm10J16.h; sourceTree = "<group>"; };
		AC7F5D99255D67E50040FB98 /* NSMutableDictionary+ITWExtend.m */ = {isa = PBXFileReference; fileEncoding = 4; lastKnownFileType = sourcecode.c.objc; path = "NSMutableDictionary+ITWExtend.m"; sourceTree = "<group>"; };
		AC7F5D9A255D67E50040FB98 /* NSDictionary+ITWExtend.h */ = {isa = PBXFileReference; fileEncoding = 4; lastKnownFileType = sourcecode.c.h; path = "NSDictionary+ITWExtend.h"; sourceTree = "<group>"; };
		AC7F5D9B255D67E50040FB98 /* NSMutableDictionary+ITWExtend.h */ = {isa = PBXFileReference; fileEncoding = 4; lastKnownFileType = sourcecode.c.h; path = "NSMutableDictionary+ITWExtend.h"; sourceTree = "<group>"; };
		AC7F5D9C255D67E50040FB98 /* NSDictionary+ITWExtend.m */ = {isa = PBXFileReference; fileEncoding = 4; lastKnownFileType = sourcecode.c.objc; path = "NSDictionary+ITWExtend.m"; sourceTree = "<group>"; };
		AC7F5D9F255D69720040FB98 /* DCAcountMsgInfoModel.h */ = {isa = PBXFileReference; fileEncoding = 4; lastKnownFileType = sourcecode.c.h; path = DCAcountMsgInfoModel.h; sourceTree = "<group>"; };
		AC7F5DA0255D69720040FB98 /* DCAcountMsgInfoModel.m */ = {isa = PBXFileReference; fileEncoding = 4; lastKnownFileType = sourcecode.c.objc; path = DCAcountMsgInfoModel.m; sourceTree = "<group>"; };
		CAEF111A3A84357C3E8344B0 /* Pods-ETHSDKONly.debug.xcconfig */ = {isa = PBXFileReference; includeInIndex = 1; lastKnownFileType = text.xcconfig; name = "Pods-ETHSDKONly.debug.xcconfig"; path = "Target Support Files/Pods-ETHSDKONly/Pods-ETHSDKONly.debug.xcconfig"; sourceTree = "<group>"; };
		DB87D9F2255E3B5D00DE7993 /* hsether.a */ = {isa = PBXFileReference; lastKnownFileType = archive.ar; path = hsether.a; sourceTree = "<group>"; };
		DB87D9F5255E3B5D00DE7993 /* HSEther.h */ = {isa = PBXFileReference; fileEncoding = 4; lastKnownFileType = sourcecode.c.h; path = HSEther.h; sourceTree = "<group>"; };
		E38A3EF8A40088536F6A97C8 /* Pods-ETHSDKONly.release.xcconfig */ = {isa = PBXFileReference; includeInIndex = 1; lastKnownFileType = text.xcconfig; name = "Pods-ETHSDKONly.release.xcconfig"; path = "Target Support Files/Pods-ETHSDKONly/Pods-ETHSDKONly.release.xcconfig"; sourceTree = "<group>"; };
/* End PBXFileReference section */

/* Begin PBXFrameworksBuildPhase section */
		AC7F5CEC255D61FA0040FB98 /* Frameworks */ = {
			isa = PBXFrameworksBuildPhase;
			buildActionMask = 2147483647;
			files = (
				BE9912EE9E25EF2409194C72 /* libPods-ETHSDKONly.a in Frameworks */,
				DB87D9F6255E3B5D00DE7993 /* hsether.a in Frameworks */,
				AC7F5D8E255D66740040FB98 /* secp256k1.framework in Frameworks */,
			);
			runOnlyForDeploymentPostprocessing = 0;
		};
		AC7F5D07255D61FC0040FB98 /* Frameworks */ = {
			isa = PBXFrameworksBuildPhase;
			buildActionMask = 2147483647;
			files = (
			);
			runOnlyForDeploymentPostprocessing = 0;
		};
		AC7F5D12255D61FC0040FB98 /* Frameworks */ = {
			isa = PBXFrameworksBuildPhase;
			buildActionMask = 2147483647;
			files = (
			);
			runOnlyForDeploymentPostprocessing = 0;
		};
/* End PBXFrameworksBuildPhase section */

/* Begin PBXGroup section */
		4C1E761EAD3A2C0710024D4A /* Frameworks */ = {
			isa = PBXGroup;
			children = (
				33A39C051FE5F828DBC50CC7 /* libPods-ETHSDKONly.a */,
			);
			name = Frameworks;
			sourceTree = "<group>";
		};
		AC7F5CE6255D61F90040FB98 = {
			isa = PBXGroup;
			children = (
				AC7F5CF1255D61FA0040FB98 /* ETHSDKONly */,
				AC7F5D0D255D61FC0040FB98 /* ETHSDKONlyTests */,
				AC7F5D18255D61FC0040FB98 /* ETHSDKONlyUITests */,
				AC7F5CF0255D61FA0040FB98 /* Products */,
				C73209C952D99673870868FD /* Pods */,
				4C1E761EAD3A2C0710024D4A /* Frameworks */,
			);
			sourceTree = "<group>";
		};
		AC7F5CF0255D61FA0040FB98 /* Products */ = {
			isa = PBXGroup;
			children = (
				AC7F5CEF255D61FA0040FB98 /* ETHSDKONly.app */,
				AC7F5D0A255D61FC0040FB98 /* ETHSDKONlyTests.xctest */,
				AC7F5D15255D61FC0040FB98 /* ETHSDKONlyUITests.xctest */,
			);
			name = Products;
			sourceTree = "<group>";
		};
		AC7F5CF1255D61FA0040FB98 /* ETHSDKONly */ = {
			isa = PBXGroup;
			children = (
				AC7F5CF2255D61FA0040FB98 /* AppDelegate.h */,
				AC7F5CF3255D61FA0040FB98 /* AppDelegate.m */,
				AC7F5CF5255D61FA0040FB98 /* SceneDelegate.h */,
				AC7F5CF6255D61FA0040FB98 /* SceneDelegate.m */,
				AC7F5CF8255D61FA0040FB98 /* ViewController.h */,
				AC7F5CF9255D61FA0040FB98 /* ViewController.m */,
				AC7F5CFB255D61FA0040FB98 /* Main.storyboard */,
				AC7F5CFE255D61FC0040FB98 /* Assets.xcassets */,
				AC7F5D00255D61FC0040FB98 /* LaunchScreen.storyboard */,
				AC7F5D03255D61FC0040FB98 /* Info.plist */,
				AC7F5D04255D61FC0040FB98 /* main.m */,
				AC7F5D27255D65AF0040FB98 /* ETHSDKONly-Bridging-Header.h */,
				AC7F5D6D255D66740040FB98 /* OcTokenSigh */,
				AC7F5D2A255D65F90040FB98 /* eth */,
			);
			path = ETHSDKONly;
			sourceTree = "<group>";
		};
		AC7F5D0D255D61FC0040FB98 /* ETHSDKONlyTests */ = {
			isa = PBXGroup;
			children = (
				AC7F5D0E255D61FC0040FB98 /* ETHSDKONlyTests.m */,
				AC7F5D10255D61FC0040FB98 /* Info.plist */,
			);
			path = ETHSDKONlyTests;
			sourceTree = "<group>";
		};
		AC7F5D18255D61FC0040FB98 /* ETHSDKONlyUITests */ = {
			isa = PBXGroup;
			children = (
				AC7F5D19255D61FC0040FB98 /* ETHSDKONlyUITests.m */,
				AC7F5D1B255D61FC0040FB98 /* Info.plist */,
			);
			path = ETHSDKONlyUITests;
			sourceTree = "<group>";
		};
		AC7F5D2A255D65F90040FB98 /* eth */ = {
			isa = PBXGroup;
			children = (
				DB87D9F2255E3B5D00DE7993 /* hsether.a */,
				DB87D9F3255E3B5D00DE7993 /* include */,
			);
			path = eth;
			sourceTree = "<group>";
		};
		AC7F5D6D255D66740040FB98 /* OcTokenSigh */ = {
			isa = PBXGroup;
			children = (
				AC7F5D68255D66550040FB98 /* DCEther.h */,
				AC7F5D6A255D66550040FB98 /* DCEther.m */,
				AC7F5D98255D67E50040FB98 /* NSDictionary */,
				AC7F5D76255D66740040FB98 /* secp256k1 */,
				AC7F5D7C255D66740040FB98 /* model */,
				AC7F5D80255D66740040FB98 /* NsDate */,
				AC7F5D83255D66740040FB98 /* sigh */,
			);
			path = OcTokenSigh;
			sourceTree = "<group>";
		};
		AC7F5D76255D66740040FB98 /* secp256k1 */ = {
			isa = PBXGroup;
			children = (
				AC7F5D78255D66740040FB98 /* OcSecp256k1.h */,
				AC7F5D79255D66740040FB98 /* OcSecp256k1.m */,
				AC7F5D7B255D66740040FB98 /* NSData+HexString.h */,
				AC7F5D77255D66740040FB98 /* NSData+HexString.m */,
				AC7F5D7A255D66740040FB98 /* secp256k1.framework */,
			);
			path = secp256k1;
			sourceTree = "<group>";
		};
		AC7F5D7C255D66740040FB98 /* model */ = {
			isa = PBXGroup;
			children = (
				AC7F5D7D255D66740040FB98 /* TransferVinModel.h */,
				AC7F5D7E255D66740040FB98 /* TransferVinModel.m */,
				AC7F5D9F255D69720040FB98 /* DCAcountMsgInfoModel.h */,
				AC7F5DA0255D69720040FB98 /* DCAcountMsgInfoModel.m */,
			);
			path = model;
			sourceTree = "<group>";
		};
		AC7F5D80255D66740040FB98 /* NsDate */ = {
			isa = PBXGroup;
			children = (
				AC7F5D81255D66740040FB98 /* NSDate+add.m */,
				AC7F5D82255D66740040FB98 /* NSDate+add.h */,
			);
			path = NsDate;
			sourceTree = "<group>";
		};
		AC7F5D83255D66740040FB98 /* sigh */ = {
			isa = PBXGroup;
			children = (
				AC7F5D85255D66740040FB98 /* OcTokenSigh.h */,
				AC7F5D87255D66740040FB98 /* OcTokenSigh.m */,
				AC7F5D88255D66740040FB98 /* Zm10J16.h */,
				AC7F5D86255D66740040FB98 /* Zm10J16.m */,
				AC7F5D84255D66740040FB98 /* OcTokenLEB128.swift */,
			);
			path = sigh;
			sourceTree = "<group>";
		};
		AC7F5D98255D67E50040FB98 /* NSDictionary */ = {
			isa = PBXGroup;
			children = (
				AC7F5D99255D67E50040FB98 /* NSMutableDictionary+ITWExtend.m */,
				AC7F5D9A255D67E50040FB98 /* NSDictionary+ITWExtend.h */,
				AC7F5D9B255D67E50040FB98 /* NSMutableDictionary+ITWExtend.h */,
				AC7F5D9C255D67E50040FB98 /* NSDictionary+ITWExtend.m */,
			);
			path = NSDictionary;
			sourceTree = "<group>";
		};
		C73209C952D99673870868FD /* Pods */ = {
			isa = PBXGroup;
			children = (
				CAEF111A3A84357C3E8344B0 /* Pods-ETHSDKONly.debug.xcconfig */,
				E38A3EF8A40088536F6A97C8 /* Pods-ETHSDKONly.release.xcconfig */,
			);
			path = Pods;
			sourceTree = "<group>";
		};
		DB87D9F3255E3B5D00DE7993 /* include */ = {
			isa = PBXGroup;
			children = (
				DB87D9F4255E3B5D00DE7993 /* HSEther */,
			);
			path = include;
			sourceTree = "<group>";
		};
		DB87D9F4255E3B5D00DE7993 /* HSEther */ = {
			isa = PBXGroup;
			children = (
				DB87D9F5255E3B5D00DE7993 /* HSEther.h */,
			);
			path = HSEther;
			sourceTree = "<group>";
		};
/* End PBXGroup section */

/* Begin PBXNativeTarget section */
		AC7F5CEE255D61FA0040FB98 /* ETHSDKONly */ = {
			isa = PBXNativeTarget;
			buildConfigurationList = AC7F5D1E255D61FC0040FB98 /* Build configuration list for PBXNativeTarget "ETHSDKONly" */;
			buildPhases = (
				D859AC6A4B10365F78135D70 /* [CP] Check Pods Manifest.lock */,
				AC7F5CEB255D61FA0040FB98 /* Sources */,
				AC7F5CEC255D61FA0040FB98 /* Frameworks */,
				AC7F5CED255D61FA0040FB98 /* Resources */,
			);
			buildRules = (
			);
			dependencies = (
			);
			name = ETHSDKONly;
			productName = ETHSDKONly;
			productReference = AC7F5CEF255D61FA0040FB98 /* ETHSDKONly.app */;
			productType = "com.apple.product-type.application";
		};
		AC7F5D09255D61FC0040FB98 /* ETHSDKONlyTests */ = {
			isa = PBXNativeTarget;
			buildConfigurationList = AC7F5D21255D61FC0040FB98 /* Build configuration list for PBXNativeTarget "ETHSDKONlyTests" */;
			buildPhases = (
				AC7F5D06255D61FC0040FB98 /* Sources */,
				AC7F5D07255D61FC0040FB98 /* Frameworks */,
				AC7F5D08255D61FC0040FB98 /* Resources */,
			);
			buildRules = (
			);
			dependencies = (
				AC7F5D0C255D61FC0040FB98 /* PBXTargetDependency */,
			);
			name = ETHSDKONlyTests;
			productName = ETHSDKONlyTests;
			productReference = AC7F5D0A255D61FC0040FB98 /* ETHSDKONlyTests.xctest */;
			productType = "com.apple.product-type.bundle.unit-test";
		};
		AC7F5D14255D61FC0040FB98 /* ETHSDKONlyUITests */ = {
			isa = PBXNativeTarget;
			buildConfigurationList = AC7F5D24255D61FC0040FB98 /* Build configuration list for PBXNativeTarget "ETHSDKONlyUITests" */;
			buildPhases = (
				AC7F5D11255D61FC0040FB98 /* Sources */,
				AC7F5D12255D61FC0040FB98 /* Frameworks */,
				AC7F5D13255D61FC0040FB98 /* Resources */,
			);
			buildRules = (
			);
			dependencies = (
				AC7F5D17255D61FC0040FB98 /* PBXTargetDependency */,
			);
			name = ETHSDKONlyUITests;
			productName = ETHSDKONlyUITests;
			productReference = AC7F5D15255D61FC0040FB98 /* ETHSDKONlyUITests.xctest */;
			productType = "com.apple.product-type.bundle.ui-testing";
		};
/* End PBXNativeTarget section */

/* Begin PBXProject section */
		AC7F5CE7255D61F90040FB98 /* Project object */ = {
			isa = PBXProject;
			attributes = {
				LastUpgradeCheck = 1130;
				ORGANIZATIONNAME = ceshi;
				TargetAttributes = {
					AC7F5CEE255D61FA0040FB98 = {
						CreatedOnToolsVersion = 11.3.1;
						LastSwiftMigration = 1130;
					};
					AC7F5D09255D61FC0040FB98 = {
						CreatedOnToolsVersion = 11.3.1;
						TestTargetID = AC7F5CEE255D61FA0040FB98;
					};
					AC7F5D14255D61FC0040FB98 = {
						CreatedOnToolsVersion = 11.3.1;
						TestTargetID = AC7F5CEE255D61FA0040FB98;
					};
				};
			};
			buildConfigurationList = AC7F5CEA255D61F90040FB98 /* Build configuration list for PBXProject "ETHSDKONly" */;
			compatibilityVersion = "Xcode 9.3";
			developmentRegion = en;
			hasScannedForEncodings = 0;
			knownRegions = (
				en,
				Base,
			);
			mainGroup = AC7F5CE6255D61F90040FB98;
			productRefGroup = AC7F5CF0255D61FA0040FB98 /* Products */;
			projectDirPath = "";
			projectRoot = "";
			targets = (
				AC7F5CEE255D61FA0040FB98 /* ETHSDKONly */,
				AC7F5D09255D61FC0040FB98 /* ETHSDKONlyTests */,
				AC7F5D14255D61FC0040FB98 /* ETHSDKONlyUITests */,
			);
		};
/* End PBXProject section */

/* Begin PBXResourcesBuildPhase section */
		AC7F5CED255D61FA0040FB98 /* Resources */ = {
			isa = PBXResourcesBuildPhase;
			buildActionMask = 2147483647;
			files = (
				AC7F5D02255D61FC0040FB98 /* LaunchScreen.storyboard in Resources */,
				AC7F5CFF255D61FC0040FB98 /* Assets.xcassets in Resources */,
				AC7F5CFD255D61FA0040FB98 /* Main.storyboard in Resources */,
			);
			runOnlyForDeploymentPostprocessing = 0;
		};
		AC7F5D08255D61FC0040FB98 /* Resources */ = {
			isa = PBXResourcesBuildPhase;
			buildActionMask = 2147483647;
			files = (
			);
			runOnlyForDeploymentPostprocessing = 0;
		};
		AC7F5D13255D61FC0040FB98 /* Resources */ = {
			isa = PBXResourcesBuildPhase;
			buildActionMask = 2147483647;
			files = (
			);
			runOnlyForDeploymentPostprocessing = 0;
		};
/* End PBXResourcesBuildPhase section */

/* Begin PBXShellScriptBuildPhase section */
		D859AC6A4B10365F78135D70 /* [CP] Check Pods Manifest.lock */ = {
			isa = PBXShellScriptBuildPhase;
			buildActionMask = 2147483647;
			files = (
			);
			inputFileListPaths = (
			);
			inputPaths = (
				"${PODS_PODFILE_DIR_PATH}/Podfile.lock",
				"${PODS_ROOT}/Manifest.lock",
			);
			name = "[CP] Check Pods Manifest.lock";
			outputFileListPaths = (
			);
			outputPaths = (
				"$(DERIVED_FILE_DIR)/Pods-ETHSDKONly-checkManifestLockResult.txt",
			);
			runOnlyForDeploymentPostprocessing = 0;
			shellPath = /bin/sh;
			shellScript = "diff \"${PODS_PODFILE_DIR_PATH}/Podfile.lock\" \"${PODS_ROOT}/Manifest.lock\" > /dev/null\nif [ $? != 0 ] ; then\n    # print error to STDERR\n    echo \"error: The sandbox is not in sync with the Podfile.lock. Run 'pod install' or update your CocoaPods installation.\" >&2\n    exit 1\nfi\n# This output is used by Xcode 'outputs' to avoid re-running this script phase.\necho \"SUCCESS\" > \"${SCRIPT_OUTPUT_FILE_0}\"\n";
			showEnvVarsInLog = 0;
		};
/* End PBXShellScriptBuildPhase section */

/* Begin PBXSourcesBuildPhase section */
		AC7F5CEB255D61FA0040FB98 /* Sources */ = {
			isa = PBXSourcesBuildPhase;
			buildActionMask = 2147483647;
			files = (
				AC7F5D92255D66740040FB98 /* OcTokenLEB128.swift in Sources */,
				AC7F5D9D255D67E60040FB98 /* NSMutableDictionary+ITWExtend.m in Sources */,
				AC7F5D93255D66740040FB98 /* Zm10J16.m in Sources */,
				AC7F5DA1255D69720040FB98 /* DCAcountMsgInfoModel.m in Sources */,
				AC7F5D94255D66740040FB98 /* OcTokenSigh.m in Sources */,
				AC7F5CFA255D61FA0040FB98 /* ViewController.m in Sources */,
				AC7F5D8C255D66740040FB98 /* NSData+HexString.m in Sources */,
				AC7F5CF4255D61FA0040FB98 /* AppDelegate.m in Sources */,
				AC7F5D8F255D66740040FB98 /* TransferVinModel.m in Sources */,
				AC7F5D6C255D66550040FB98 /* DCEther.m in Sources */,
				AC7F5D91255D66740040FB98 /* NSDate+add.m in Sources */,
				AC7F5D8D255D66740040FB98 /* OcSecp256k1.m in Sources */,
				AC7F5D9E255D67E60040FB98 /* NSDictionary+ITWExtend.m in Sources */,
				AC7F5D05255D61FC0040FB98 /* main.m in Sources */,
				AC7F5CF7255D61FA0040FB98 /* SceneDelegate.m in Sources */,
			);
			runOnlyForDeploymentPostprocessing = 0;
		};
		AC7F5D06255D61FC0040FB98 /* Sources */ = {
			isa = PBXSourcesBuildPhase;
			buildActionMask = 2147483647;
			files = (
				AC7F5D0F255D61FC0040FB98 /* ETHSDKONlyTests.m in Sources */,
			);
			runOnlyForDeploymentPostprocessing = 0;
		};
		AC7F5D11255D61FC0040FB98 /* Sources */ = {
			isa = PBXSourcesBuildPhase;
			buildActionMask = 2147483647;
			files = (
				AC7F5D1A255D61FC0040FB98 /* ETHSDKONlyUITests.m in Sources */,
			);
			runOnlyForDeploymentPostprocessing = 0;
		};
/* End PBXSourcesBuildPhase section */

/* Begin PBXTargetDependency section */
		AC7F5D0C255D61FC0040FB98 /* PBXTargetDependency */ = {
			isa = PBXTargetDependency;
			target = AC7F5CEE255D61FA0040FB98 /* ETHSDKONly */;
			targetProxy = AC7F5D0B255D61FC0040FB98 /* PBXContainerItemProxy */;
		};
		AC7F5D17255D61FC0040FB98 /* PBXTargetDependency */ = {
			isa = PBXTargetDependency;
			target = AC7F5CEE255D61FA0040FB98 /* ETHSDKONly */;
			targetProxy = AC7F5D16255D61FC0040FB98 /* PBXContainerItemProxy */;
		};
/* End PBXTargetDependency section */

/* Begin PBXVariantGroup section */
		AC7F5CFB255D61FA0040FB98 /* Main.storyboard */ = {
			isa = PBXVariantGroup;
			children = (
				AC7F5CFC255D61FA0040FB98 /* Base */,
			);
			name = Main.storyboard;
			sourceTree = "<group>";
		};
		AC7F5D00255D61FC0040FB98 /* LaunchScreen.storyboard */ = {
			isa = PBXVariantGroup;
			children = (
				AC7F5D01255D61FC0040FB98 /* Base */,
			);
			name = LaunchScreen.storyboard;
			sourceTree = "<group>";
		};
/* End PBXVariantGroup section */

/* Begin XCBuildConfiguration section */
		AC7F5D1C255D61FC0040FB98 /* Debug */ = {
			isa = XCBuildConfiguration;
			buildSettings = {
				ALWAYS_SEARCH_USER_PATHS = NO;
				CLANG_ANALYZER_NONNULL = YES;
				CLANG_ANALYZER_NUMBER_OBJECT_CONVERSION = YES_AGGRESSIVE;
				CLANG_CXX_LANGUAGE_STANDARD = "gnu++14";
				CLANG_CXX_LIBRARY = "libc++";
				CLANG_ENABLE_MODULES = YES;
				CLANG_ENABLE_OBJC_ARC = YES;
				CLANG_ENABLE_OBJC_WEAK = YES;
				CLANG_WARN_BLOCK_CAPTURE_AUTORELEASING = YES;
				CLANG_WARN_BOOL_CONVERSION = YES;
				CLANG_WARN_COMMA = YES;
				CLANG_WARN_CONSTANT_CONVERSION = YES;
				CLANG_WARN_DEPRECATED_OBJC_IMPLEMENTATIONS = YES;
				CLANG_WARN_DIRECT_OBJC_ISA_USAGE = YES_ERROR;
				CLANG_WARN_DOCUMENTATION_COMMENTS = YES;
				CLANG_WARN_EMPTY_BODY = YES;
				CLANG_WARN_ENUM_CONVERSION = YES;
				CLANG_WARN_INFINITE_RECURSION = YES;
				CLANG_WARN_INT_CONVERSION = YES;
				CLANG_WARN_NON_LITERAL_NULL_CONVERSION = YES;
				CLANG_WARN_OBJC_IMPLICIT_RETAIN_SELF = YES;
				CLANG_WARN_OBJC_LITERAL_CONVERSION = YES;
				CLANG_WARN_OBJC_ROOT_CLASS = YES_ERROR;
				CLANG_WARN_RANGE_LOOP_ANALYSIS = YES;
				CLANG_WARN_STRICT_PROTOTYPES = YES;
				CLANG_WARN_SUSPICIOUS_MOVE = YES;
				CLANG_WARN_UNGUARDED_AVAILABILITY = YES_AGGRESSIVE;
				CLANG_WARN_UNREACHABLE_CODE = YES;
				CLANG_WARN__DUPLICATE_METHOD_MATCH = YES;
				COPY_PHASE_STRIP = NO;
				DEBUG_INFORMATION_FORMAT = dwarf;
				ENABLE_STRICT_OBJC_MSGSEND = YES;
				ENABLE_TESTABILITY = YES;
				GCC_C_LANGUAGE_STANDARD = gnu11;
				GCC_DYNAMIC_NO_PIC = NO;
				GCC_NO_COMMON_BLOCKS = YES;
				GCC_OPTIMIZATION_LEVEL = 0;
				GCC_PREPROCESSOR_DEFINITIONS = (
					"DEBUG=1",
					"$(inherited)",
				);
				GCC_WARN_64_TO_32_BIT_CONVERSION = YES;
				GCC_WARN_ABOUT_RETURN_TYPE = YES_ERROR;
				GCC_WARN_UNDECLARED_SELECTOR = YES;
				GCC_WARN_UNINITIALIZED_AUTOS = YES_AGGRESSIVE;
				GCC_WARN_UNUSED_FUNCTION = YES;
				GCC_WARN_UNUSED_VARIABLE = YES;
				IPHONEOS_DEPLOYMENT_TARGET = 13.2;
				MTL_ENABLE_DEBUG_INFO = INCLUDE_SOURCE;
				MTL_FAST_MATH = YES;
				ONLY_ACTIVE_ARCH = YES;
				SDKROOT = iphoneos;
			};
			name = Debug;
		};
		AC7F5D1D255D61FC0040FB98 /* Release */ = {
			isa = XCBuildConfiguration;
			buildSettings = {
				ALWAYS_SEARCH_USER_PATHS = NO;
				CLANG_ANALYZER_NONNULL = YES;
				CLANG_ANALYZER_NUMBER_OBJECT_CONVERSION = YES_AGGRESSIVE;
				CLANG_CXX_LANGUAGE_STANDARD = "gnu++14";
				CLANG_CXX_LIBRARY = "libc++";
				CLANG_ENABLE_MODULES = YES;
				CLANG_ENABLE_OBJC_ARC = YES;
				CLANG_ENABLE_OBJC_WEAK = YES;
				CLANG_WARN_BLOCK_CAPTURE_AUTORELEASING = YES;
				CLANG_WARN_BOOL_CONVERSION = YES;
				CLANG_WARN_COMMA = YES;
				CLANG_WARN_CONSTANT_CONVERSION = YES;
				CLANG_WARN_DEPRECATED_OBJC_IMPLEMENTATIONS = YES;
				CLANG_WARN_DIRECT_OBJC_ISA_USAGE = YES_ERROR;
				CLANG_WARN_DOCUMENTATION_COMMENTS = YES;
				CLANG_WARN_EMPTY_BODY = YES;
				CLANG_WARN_ENUM_CONVERSION = YES;
				CLANG_WARN_INFINITE_RECURSION = YES;
				CLANG_WARN_INT_CONVERSION = YES;
				CLANG_WARN_NON_LITERAL_NULL_CONVERSION = YES;
				CLANG_WARN_OBJC_IMPLICIT_RETAIN_SELF = YES;
				CLANG_WARN_OBJC_LITERAL_CONVERSION = YES;
				CLANG_WARN_OBJC_ROOT_CLASS = YES_ERROR;
				CLANG_WARN_RANGE_LOOP_ANALYSIS = YES;
				CLANG_WARN_STRICT_PROTOTYPES = YES;
				CLANG_WARN_SUSPICIOUS_MOVE = YES;
				CLANG_WARN_UNGUARDED_AVAILABILITY = YES_AGGRESSIVE;
				CLANG_WARN_UNREACHABLE_CODE = YES;
				CLANG_WARN__DUPLICATE_METHOD_MATCH = YES;
				COPY_PHASE_STRIP = NO;
				DEBUG_INFORMATION_FORMAT = "dwarf-with-dsym";
				ENABLE_NS_ASSERTIONS = NO;
				ENABLE_STRICT_OBJC_MSGSEND = YES;
				GCC_C_LANGUAGE_STANDARD = gnu11;
				GCC_NO_COMMON_BLOCKS = YES;
				GCC_WARN_64_TO_32_BIT_CONVERSION = YES;
				GCC_WARN_ABOUT_RETURN_TYPE = YES_ERROR;
				GCC_WARN_UNDECLARED_SELECTOR = YES;
				GCC_WARN_UNINITIALIZED_AUTOS = YES_AGGRESSIVE;
				GCC_WARN_UNUSED_FUNCTION = YES;
				GCC_WARN_UNUSED_VARIABLE = YES;
				IPHONEOS_DEPLOYMENT_TARGET = 13.2;
				MTL_ENABLE_DEBUG_INFO = NO;
				MTL_FAST_MATH = YES;
				SDKROOT = iphoneos;
				VALIDATE_PRODUCT = YES;
			};
			name = Release;
		};
		AC7F5D1F255D61FC0040FB98 /* Debug */ = {
			isa = XCBuildConfiguration;
			baseConfigurationReference = CAEF111A3A84357C3E8344B0 /* Pods-ETHSDKONly.debug.xcconfig */;
			buildSettings = {
				ASSETCATALOG_COMPILER_APPICON_NAME = AppIcon;
				CLANG_ENABLE_MODULES = YES;
				CODE_SIGN_STYLE = Automatic;
				FRAMEWORK_SEARCH_PATHS = (
					"$(inherited)",
					"$(PROJECT_DIR)/ETHSDKONly/OcTokenSigh/secp256k1",
				);
				INFOPLIST_FILE = ETHSDKONly/Info.plist;
				IPHONEOS_DEPLOYMENT_TARGET = 10.0;
				LD_RUNPATH_SEARCH_PATHS = (
					"$(inherited)",
					"@executable_path/Frameworks",
				);
				LIBRARY_SEARCH_PATHS = (
					"$(inherited)",
					"$(PROJECT_DIR)/ETHSDKONly/eth",
				);
				PRODUCT_BUNDLE_IDENTIFIER = ceshi.ETHSDKONly;
				PRODUCT_NAME = "$(TARGET_NAME)";
				SWIFT_OBJC_BRIDGING_HEADER = "ETHSDKONly/ETHSDKONly-Bridging-Header.h";
				SWIFT_OPTIMIZATION_LEVEL = "-Onone";
				SWIFT_VERSION = 5.0;
				TARGETED_DEVICE_FAMILY = 1;
			};
			name = Debug;
		};
		AC7F5D20255D61FC0040FB98 /* Release */ = {
			isa = XCBuildConfiguration;
			baseConfigurationReference = E38A3EF8A40088536F6A97C8 /* Pods-ETHSDKONly.release.xcconfig */;
			buildSettings = {
				ASSETCATALOG_COMPILER_APPICON_NAME = AppIcon;
				CLANG_ENABLE_MODULES = YES;
				CODE_SIGN_STYLE = Automatic;
				FRAMEWORK_SEARCH_PATHS = (
					"$(inherited)",
					"$(PROJECT_DIR)/ETHSDKONly/OcTokenSigh/secp256k1",
				);
				INFOPLIST_FILE = ETHSDKONly/Info.plist;
				IPHONEOS_DEPLOYMENT_TARGET = 10.0;
				LD_RUNPATH_SEARCH_PATHS = (
					"$(inherited)",
					"@executable_path/Frameworks",
				);
				LIBRARY_SEARCH_PATHS = (
					"$(inherited)",
					"$(PROJECT_DIR)/ETHSDKONly/eth",
				);
				PRODUCT_BUNDLE_IDENTIFIER = ceshi.ETHSDKONly;
				PRODUCT_NAME = "$(TARGET_NAME)";
				SWIFT_OBJC_BRIDGING_HEADER = "ETHSDKONly/ETHSDKONly-Bridging-Header.h";
				SWIFT_VERSION = 5.0;
				TARGETED_DEVICE_FAMILY = 1;
			};
			name = Release;
		};
		AC7F5D22255D61FC0040FB98 /* Debug */ = {
			isa = XCBuildConfiguration;
			buildSettings = {
				ALWAYS_EMBED_SWIFT_STANDARD_LIBRARIES = YES;
				BUNDLE_LOADER = "$(TEST_HOST)";
				CODE_SIGN_STYLE = Automatic;
				INFOPLIST_FILE = ETHSDKONlyTests/Info.plist;
				IPHONEOS_DEPLOYMENT_TARGET = 13.2;
				LD_RUNPATH_SEARCH_PATHS = (
					"$(inherited)",
					"@executable_path/Frameworks",
					"@loader_path/Frameworks",
				);
				PRODUCT_BUNDLE_IDENTIFIER = ceshi.ETHSDKONlyTests;
				PRODUCT_NAME = "$(TARGET_NAME)";
				TARGETED_DEVICE_FAMILY = "1,2";
				TEST_HOST = "$(BUILT_PRODUCTS_DIR)/ETHSDKONly.app/ETHSDKONly";
			};
			name = Debug;
		};
		AC7F5D23255D61FC0040FB98 /* Release */ = {
			isa = XCBuildConfiguration;
			buildSettings = {
				ALWAYS_EMBED_SWIFT_STANDARD_LIBRARIES = YES;
				BUNDLE_LOADER = "$(TEST_HOST)";
				CODE_SIGN_STYLE = Automatic;
				INFOPLIST_FILE = ETHSDKONlyTests/Info.plist;
				IPHONEOS_DEPLOYMENT_TARGET = 13.2;
				LD_RUNPATH_SEARCH_PATHS = (
					"$(inherited)",
					"@executable_path/Frameworks",
					"@loader_path/Frameworks",
				);
				PRODUCT_BUNDLE_IDENTIFIER = ceshi.ETHSDKONlyTests;
				PRODUCT_NAME = "$(TARGET_NAME)";
				TARGETED_DEVICE_FAMILY = "1,2";
				TEST_HOST = "$(BUILT_PRODUCTS_DIR)/ETHSDKONly.app/ETHSDKONly";
			};
			name = Release;
		};
		AC7F5D25255D61FC0040FB98 /* Debug */ = {
			isa = XCBuildConfiguration;
			buildSettings = {
				ALWAYS_EMBED_SWIFT_STANDARD_LIBRARIES = YES;
				CODE_SIGN_STYLE = Automatic;
				INFOPLIST_FILE = ETHSDKONlyUITests/Info.plist;
				LD_RUNPATH_SEARCH_PATHS = (
					"$(inherited)",
					"@executable_path/Frameworks",
					"@loader_path/Frameworks",
				);
				PRODUCT_BUNDLE_IDENTIFIER = ceshi.ETHSDKONlyUITests;
				PRODUCT_NAME = "$(TARGET_NAME)";
				TARGETED_DEVICE_FAMILY = "1,2";
				TEST_TARGET_NAME = ETHSDKONly;
			};
			name = Debug;
		};
		AC7F5D26255D61FC0040FB98 /* Release */ = {
			isa = XCBuildConfiguration;
			buildSettings = {
				ALWAYS_EMBED_SWIFT_STANDARD_LIBRARIES = YES;
				CODE_SIGN_STYLE = Automatic;
				INFOPLIST_FILE = ETHSDKONlyUITests/Info.plist;
				LD_RUNPATH_SEARCH_PATHS = (
					"$(inherited)",
					"@executable_path/Frameworks",
					"@loader_path/Frameworks",
				);
				PRODUCT_BUNDLE_IDENTIFIER = ceshi.ETHSDKONlyUITests;
				PRODUCT_NAME = "$(TARGET_NAME)";
				TARGETED_DEVICE_FAMILY = "1,2";
				TEST_TARGET_NAME = ETHSDKONly;
			};
			name = Release;
		};
/* End XCBuildConfiguration section */

/* Begin XCConfigurationList section */
		AC7F5CEA255D61F90040FB98 /* Build configuration list for PBXProject "ETHSDKONly" */ = {
			isa = XCConfigurationList;
			buildConfigurations = (
				AC7F5D1C255D61FC0040FB98 /* Debug */,
				AC7F5D1D255D61FC0040FB98 /* Release */,
			);
			defaultConfigurationIsVisible = 0;
			defaultConfigurationName = Release;
		};
		AC7F5D1E255D61FC0040FB98 /* Build configuration list for PBXNativeTarget "ETHSDKONly" */ = {
			isa = XCConfigurationList;
			buildConfigurations = (
				AC7F5D1F255D61FC0040FB98 /* Debug */,
				AC7F5D20255D61FC0040FB98 /* Release */,
			);
			defaultConfigurationIsVisible = 0;
			defaultConfigurationName = Release;
		};
		AC7F5D21255D61FC0040FB98 /* Build configuration list for PBXNativeTarget "ETHSDKONlyTests" */ = {
			isa = XCConfigurationList;
			buildConfigurations = (
				AC7F5D22255D61FC0040FB98 /* Debug */,
				AC7F5D23255D61FC0040FB98 /* Release */,
			);
			defaultConfigurationIsVisible = 0;
			defaultConfigurationName = Release;
		};
		AC7F5D24255D61FC0040FB98 /* Build configuration list for PBXNativeTarget "ETHSDKONlyUITests" */ = {
			isa = XCConfigurationList;
			buildConfigurations = (
				AC7F5D25255D61FC0040FB98 /* Debug */,
				AC7F5D26255D61FC0040FB98 /* Release */,
			);
			defaultConfigurationIsVisible = 0;
			defaultConfigurationName = Release;
		};
/* End XCConfigurationList section */
	};
	rootObject = AC7F5CE7255D61F90040FB98 /* Project object */;
}
